
Microsoft Visual Studio Solution File, Format Version 12.00
# Visual Studio Version 17
VisualStudioVersion = 17.13.35931.197 d17.13
MinimumVisualStudioVersion = 10.0.40219.1
Project("{F14B399A-7131-4C87-9E4B-1186C45EF12D}") = "Report Product", "Report Product.rptproj", "{11047B05-C329-2690-64D5-5C6163F07820}"
EndProject
Global
	GlobalSection(SolutionConfigurationPlatforms) = preSolution
		Debug|Default = Debug|Default
		DebugLocal|Default = DebugLocal|Default
		Release|Default = Release|Default
	EndGlobalSection
	GlobalSection(ProjectConfigurationPlatforms) = postSolution
		{11047B05-C329-2690-64D5-5C6163F07820}.Debug|Default.ActiveCfg = Debug
		{11047B05-C329-2690-64D5-5C6163F07820}.Debug|Default.Build.0 = Debug
		{11047B05-C329-2690-64D5-5C6163F07820}.Debug|Default.Deploy.0 = Debug
		{11047B05-C329-2690-64D5-5C6163F07820}.DebugLocal|Default.ActiveCfg = DebugLocal
		{11047B05-C329-2690-64D5-5C6163F07820}.DebugLocal|Default.Build.0 = DebugLocal
		{11047B05-C329-2690-64D5-5C6163F07820}.Release|Default.ActiveCfg = Release
		{11047B05-C329-2690-64D5-5C6163F07820}.Release|Default.Build.0 = Release
		{11047B05-C329-2690-64D5-5C6163F07820}.Release|Default.Deploy.0 = Release
	EndGlobalSection
	GlobalSection(SolutionProperties) = preSolution
		HideSolutionNode = FALSE
	EndGlobalSection
	GlobalSection(ExtensibilityGlobals) = postSolution
		SolutionGuid = {608424BB-B12F-4C4C-BE4A-C6053F6A3D81}
	EndGlobalSection
EndGlobal
